
Microsoft Visual Studio Solution File, Format Version 12.00
# Visual Studio 2012
Project("{FAE04EC0-301F-11D3-BF4B-00C04F79EFBC}") = "Service", "Service\Service.csproj", "{DFA5EB8C-0630-4660-9D95-5BD5252A247E}"
EndProject
Global
	GlobalSection(SolutionConfigurationPlatforms) = preSolution
		Debug|Any CPU = Debug|Any CPU
		Release|Any CPU = Release|Any CPU
	EndGlobalSection
	GlobalSection(ProjectConfigurationPlatforms) = postSolution
		{DFA5EB8C-0630-4660-9D95-5BD5252A247E}.Debug|Any CPU.ActiveCfg = Debug|Any CPU
		{DFA5EB8C-0630-4660-9D95-5BD5252A247E}.Debug|Any CPU.Build.0 = Debug|Any CPU
		{DFA5EB8C-0630-4660-9D95-5BD5252A247E}.Release|Any CPU.ActiveCfg = Release|Any CPU
		{DFA5EB8C-0630-4660-9D95-5BD5252A247E}.Release|Any CPU.Build.0 = Release|Any CPU
	EndGlobalSection
	GlobalSection(SolutionProperties) = preSolution
		HideSolutionNode = FALSE
	EndGlobalSection
EndGlobal
